// !$*UTF8*$!
{
	archiveVersion = 1;
	classes = {
	};
	objectVersion = 46;
	objects = {

/* Begin PBXBuildFile section */
		D185FF4A10E47D222AC2AAE8 /* libPods.a in Frameworks */ = {isa = PBXBuildFile; fileRef = 111724D4F095399D4C3AEF0D /* libPods.a */; };
		FD00D1C81B10AFEC0050770B /* HomePageDetailAudioPlayerView.m in Sources */ = {isa = PBXBuildFile; fileRef = FD00D1C71B10AFEC0050770B /* HomePageDetailAudioPlayerView.m */; };
		FD00D1CB1B10B04C0050770B /* HomePageDetailViewController.m in Sources */ = {isa = PBXBuildFile; fileRef = FD00D1CA1B10B04C0050770B /* HomePageDetailViewController.m */; };
		FD00D1D01B10C5010050770B /* AudioPlayerController.m in Sources */ = {isa = PBXBuildFile; fileRef = FD00D1CF1B10C5010050770B /* AudioPlayerController.m */; };
		FD053B7A1B0B6B3700AF1EE1 /* MMMaterialDesignSpinner.m in Sources */ = {isa = PBXBuildFile; fileRef = FD053B6D1B0B6B3700AF1EE1 /* MMMaterialDesignSpinner.m */; };
		FD053B7B1B0B6B3700AF1EE1 /* ZHBRefreshFooterView.m in Sources */ = {isa = PBXBuildFile; fileRef = FD053B701B0B6B3700AF1EE1 /* ZHBRefreshFooterView.m */; };
		FD053B7C1B0B6B3700AF1EE1 /* ZHBRefreshIndictorView.m in Sources */ = {isa = PBXBuildFile; fileRef = FD053B721B0B6B3700AF1EE1 /* ZHBRefreshIndictorView.m */; };
		FD053B7D1B0B6B3700AF1EE1 /* ZHBRefreshScrollView.m in Sources */ = {isa = PBXBuildFile; fileRef = FD053B741B0B6B3700AF1EE1 /* ZHBRefreshScrollView.m */; };
		FD053B7E1B0B6B3700AF1EE1 /* ZHBWaterFallView.m in Sources */ = {isa = PBXBuildFile; fileRef = FD053B771B0B6B3700AF1EE1 /* ZHBWaterFallView.m */; };
		FD053B7F1B0B6B3700AF1EE1 /* ZHBWaterFallViewCell.m in Sources */ = {isa = PBXBuildFile; fileRef = FD053B791B0B6B3700AF1EE1 /* ZHBWaterFallViewCell.m */; };
		FD053B851B0B6C0900AF1EE1 /* BaseEntity.m in Sources */ = {isa = PBXBuildFile; fileRef = FD053B821B0B6C0900AF1EE1 /* BaseEntity.m */; };
		FD053B861B0B6C0900AF1EE1 /* BaseViewController.m in Sources */ = {isa = PBXBuildFile; fileRef = FD053B841B0B6C0900AF1EE1 /* BaseViewController.m */; };
		FD053B8E1B0B77E200AF1EE1 /* BaseNavigationController.m in Sources */ = {isa = PBXBuildFile; fileRef = FD053B8D1B0B77E200AF1EE1 /* BaseNavigationController.m */; };
		FD053B921B0B798F00AF1EE1 /* RMMapper.m in Sources */ = {isa = PBXBuildFile; fileRef = FD053B911B0B798F00AF1EE1 /* RMMapper.m */; };
		FD053B991B0B79DD00AF1EE1 /* NSObject+RMArchivable.m in Sources */ = {isa = PBXBuildFile; fileRef = FD053B941B0B79DD00AF1EE1 /* NSObject+RMArchivable.m */; };
		FD053B9A1B0B79DD00AF1EE1 /* NSObject+RMCopyable.m in Sources */ = {isa = PBXBuildFile; fileRef = FD053B961B0B79DD00AF1EE1 /* NSObject+RMCopyable.m */; };
		FD053B9B1B0B79DD00AF1EE1 /* NSUserDefaults+RMSaveCustomObject.m in Sources */ = {isa = PBXBuildFile; fileRef = FD053B981B0B79DD00AF1EE1 /* NSUserDefaults+RMSaveCustomObject.m */; };
		FD0B017F1B118BD900C848F7 /* like-gray.png in Resources */ = {isa = PBXBuildFile; fileRef = FD0B01791B118BD900C848F7 /* like-gray.png */; };
		FD0B01801B118BD900C848F7 /* like.png in Resources */ = {isa = PBXBuildFile; fileRef = FD0B017A1B118BD900C848F7 /* like.png */; };
		FD0B01811B118BD900C848F7 /* map-icon.png in Resources */ = {isa = PBXBuildFile; fileRef = FD0B017B1B118BD900C848F7 /* map-icon.png */; };
		FD0B01821B118BD900C848F7 /* pause-icon.png in Resources */ = {isa = PBXBuildFile; fileRef = FD0B017C1B118BD900C848F7 /* pause-icon.png */; };
		FD0B01831B118BD900C848F7 /* play-icon.png in Resources */ = {isa = PBXBuildFile; fileRef = FD0B017D1B118BD900C848F7 /* play-icon.png */; };
		FD0B01841B118BD900C848F7 /* play-pause.png in Resources */ = {isa = PBXBuildFile; fileRef = FD0B017E1B118BD900C848F7 /* play-pause.png */; };
		FD0B01861B11A8ED00C848F7 /* back.png in Resources */ = {isa = PBXBuildFile; fileRef = FD0B01851B11A8ED00C848F7 /* back.png */; };
		FD0B018C1B11CC7600C848F7 /* NetWorkManager.m in Sources */ = {isa = PBXBuildFile; fileRef = FD0B018B1B11CC7600C848F7 /* NetWorkManager.m */; };
		FD0B018F1B11D7E500C848F7 /* HomePageViewSpotEntity.m in Sources */ = {isa = PBXBuildFile; fileRef = FD0B018E1B11D7E500C848F7 /* HomePageViewSpotEntity.m */; };
		FD0B01921B11E7E700C848F7 /* HomePageViewController+Request.m in Sources */ = {isa = PBXBuildFile; fileRef = FD0B01911B11E7E700C848F7 /* HomePageViewController+Request.m */; };
		FD0B01951B11E84F00C848F7 /* RequestBaseViewController.m in Sources */ = {isa = PBXBuildFile; fileRef = FD0B01941B11E84F00C848F7 /* RequestBaseViewController.m */; };
		FD0B01981B11F9FA00C848F7 /* HomePageViewSpotFeedbackEntity.m in Sources */ = {isa = PBXBuildFile; fileRef = FD0B01971B11F9FA00C848F7 /* HomePageViewSpotFeedbackEntity.m */; };
		FD0B019A1B12029000C848F7 /* loading-image.png in Resources */ = {isa = PBXBuildFile; fileRef = FD0B01991B12029000C848F7 /* loading-image.png */; };
		FD0B019D1B120F4100C848F7 /* HomePageDetailViewController+Request.m in Sources */ = {isa = PBXBuildFile; fileRef = FD0B019C1B120F4100C848F7 /* HomePageDetailViewController+Request.m */; };
		FD0B01A01B12104100C848F7 /* HomePageViewSpotDetailEntity.m in Sources */ = {isa = PBXBuildFile; fileRef = FD0B019F1B12104100C848F7 /* HomePageViewSpotDetailEntity.m */; };
		FD1CF1211B0CDB1B00C639F0 /* BaseUIView.m in Sources */ = {isa = PBXBuildFile; fileRef = FD1CF1201B0CDB1B00C639F0 /* BaseUIView.m */; };
		FD38C9D11B0F6BED00DEADD7 /* HomePageWaterFallCell.m in Sources */ = {isa = PBXBuildFile; fileRef = FD38C9C41B0F6BED00DEADD7 /* HomePageWaterFallCell.m */; };
		FD38C9D21B0F6BED00DEADD7 /* HomePageViewController.m in Sources */ = {isa = PBXBuildFile; fileRef = FD38C9C81B0F6BED00DEADD7 /* HomePageViewController.m */; };
		FD38C9D71B0F6D0300DEADD7 /* BaseUITableViewCell.m in Sources */ = {isa = PBXBuildFile; fileRef = FD38C9D61B0F6D0300DEADD7 /* BaseUITableViewCell.m */; };
		FD38C9E01B0F705D00DEADD7 /* HomePageDetailSectionView.m in Sources */ = {isa = PBXBuildFile; fileRef = FD38C9DF1B0F705D00DEADD7 /* HomePageDetailSectionView.m */; };
		FD38C9EC1B0F773200DEADD7 /* DrawRectMethod.m in Sources */ = {isa = PBXBuildFile; fileRef = FD38C9EB1B0F773200DEADD7 /* DrawRectMethod.m */; };
		FD38C9F41B0F7D5B00DEADD7 /* HomePageDetailSummarySectionView.m in Sources */ = {isa = PBXBuildFile; fileRef = FD38C9F31B0F7D5B00DEADD7 /* HomePageDetailSummarySectionView.m */; };
		FD38C9F71B0F7E8200DEADD7 /* HomePageDetailAudioPlayerCell.m in Sources */ = {isa = PBXBuildFile; fileRef = FD38C9F61B0F7E8200DEADD7 /* HomePageDetailAudioPlayerCell.m */; };
		FD38C9FF1B0F8AFB00DEADD7 /* UIButton+RoundCorner.m in Sources */ = {isa = PBXBuildFile; fileRef = FD38C9FE1B0F8AFB00DEADD7 /* UIButton+RoundCorner.m */; };
		FD38CA081B0F8BF000DEADD7 /* UILabel+AttributedString.m in Sources */ = {isa = PBXBuildFile; fileRef = FD38CA071B0F8BF000DEADD7 /* UILabel+AttributedString.m */; };
		FD3F80DD1B00E765001F272D /* main.m in Sources */ = {isa = PBXBuildFile; fileRef = FD3F80DC1B00E765001F272D /* main.m */; };
		FD3F80E01B00E765001F272D /* AppDelegate.m in Sources */ = {isa = PBXBuildFile; fileRef = FD3F80DF1B00E765001F272D /* AppDelegate.m */; };
		FD3F80E31B00E765001F272D /* ViewController.m in Sources */ = {isa = PBXBuildFile; fileRef = FD3F80E21B00E765001F272D /* ViewController.m */; };
		FD3F80E61B00E765001F272D /* Main.storyboard in Resources */ = {isa = PBXBuildFile; fileRef = FD3F80E41B00E765001F272D /* Main.storyboard */; };
		FD3F80E81B00E765001F272D /* Images.xcassets in Resources */ = {isa = PBXBuildFile; fileRef = FD3F80E71B00E765001F272D /* Images.xcassets */; };
		FD3F80EB1B00E765001F272D /* LaunchScreen.xib in Resources */ = {isa = PBXBuildFile; fileRef = FD3F80E91B00E765001F272D /* LaunchScreen.xib */; };
		FD3F80F71B00E765001F272D /* ReviveSHTests.m in Sources */ = {isa = PBXBuildFile; fileRef = FD3F80F61B00E765001F272D /* ReviveSHTests.m */; };
		FD524FB01B0E288E00FEF1B1 /* AudioStreamer.m in Sources */ = {isa = PBXBuildFile; fileRef = FD524FAF1B0E288E00FEF1B1 /* AudioStreamer.m */; settings = {COMPILER_FLAGS = "-fno-objc-arc"; }; };
/* End PBXBuildFile section */

/* Begin PBXContainerItemProxy section */
		FD3F80F11B00E765001F272D /* PBXContainerItemProxy */ = {
			isa = PBXContainerItemProxy;
			containerPortal = FD3F80CF1B00E765001F272D /* Project object */;
			proxyType = 1;
			remoteGlobalIDString = FD3F80D61B00E765001F272D;
			remoteInfo = ReviveSH;
		};
/* End PBXContainerItemProxy section */

/* Begin PBXFileReference section */
		002DC963D5322AACD3496AA8 /* Pods.debug.xcconfig */ = {isa = PBXFileReference; includeInIndex = 1; lastKnownFileType = text.xcconfig; name = Pods.debug.xcconfig; path = "Pods/Target Support Files/Pods/Pods.debug.xcconfig"; sourceTree = "<group>"; };
		111724D4F095399D4C3AEF0D /* libPods.a */ = {isa = PBXFileReference; explicitFileType = archive.ar; includeInIndex = 0; path = libPods.a; sourceTree = BUILT_PRODUCTS_DIR; };
		9EAAFB294437F66040ADA304 /* Pods.release.xcconfig */ = {isa = PBXFileReference; includeInIndex = 1; lastKnownFileType = text.xcconfig; name = Pods.release.xcconfig; path = "Pods/Target Support Files/Pods/Pods.release.xcconfig"; sourceTree = "<group>"; };
		FD00D1C61B10AFEC0050770B /* HomePageDetailAudioPlayerView.h */ = {isa = PBXFileReference; fileEncoding = 4; lastKnownFileType = sourcecode.c.h; path = HomePageDetailAudioPlayerView.h; sourceTree = "<group>"; };
		FD00D1C71B10AFEC0050770B /* HomePageDetailAudioPlayerView.m */ = {isa = PBXFileReference; fileEncoding = 4; lastKnownFileType = sourcecode.c.objc; path = HomePageDetailAudioPlayerView.m; sourceTree = "<group>"; };
		FD00D1C91B10B04C0050770B /* HomePageDetailViewController.h */ = {isa = PBXFileReference; fileEncoding = 4; lastKnownFileType = sourcecode.c.h; path = HomePageDetailViewController.h; sourceTree = "<group>"; };
		FD00D1CA1B10B04C0050770B /* HomePageDetailViewController.m */ = {isa = PBXFileReference; fileEncoding = 4; lastKnownFileType = sourcecode.c.objc; path = HomePageDetailViewController.m; sourceTree = "<group>"; };
		FD00D1CE1B10C5010050770B /* AudioPlayerController.h */ = {isa = PBXFileReference; fileEncoding = 4; lastKnownFileType = sourcecode.c.h; path = AudioPlayerController.h; sourceTree = "<group>"; };
		FD00D1CF1B10C5010050770B /* AudioPlayerController.m */ = {isa = PBXFileReference; fileEncoding = 4; lastKnownFileType = sourcecode.c.objc; path = AudioPlayerController.m; sourceTree = "<group>"; };
		FD053B6C1B0B6B3700AF1EE1 /* MMMaterialDesignSpinner.h */ = {isa = PBXFileReference; fileEncoding = 4; lastKnownFileType = sourcecode.c.h; path = MMMaterialDesignSpinner.h; sourceTree = "<group>"; };
		FD053B6D1B0B6B3700AF1EE1 /* MMMaterialDesignSpinner.m */ = {isa = PBXFileReference; fileEncoding = 4; lastKnownFileType = sourcecode.c.objc; path = MMMaterialDesignSpinner.m; sourceTree = "<group>"; };
		FD053B6F1B0B6B3700AF1EE1 /* ZHBRefreshFooterView.h */ = {isa = PBXFileReference; fileEncoding = 4; lastKnownFileType = sourcecode.c.h; path = ZHBRefreshFooterView.h; sourceTree = "<group>"; };
		FD053B701B0B6B3700AF1EE1 /* ZHBRefreshFooterView.m */ = {isa = PBXFileReference; fileEncoding = 4; lastKnownFileType = sourcecode.c.objc; path = ZHBRefreshFooterView.m; sourceTree = "<group>"; };
		FD053B711B0B6B3700AF1EE1 /* ZHBRefreshIndictorView.h */ = {isa = PBXFileReference; fileEncoding = 4; lastKnownFileType = sourcecode.c.h; path = ZHBRefreshIndictorView.h; sourceTree = "<group>"; };
		FD053B721B0B6B3700AF1EE1 /* ZHBRefreshIndictorView.m */ = {isa = PBXFileReference; fileEncoding = 4; lastKnownFileType = sourcecode.c.objc; path = ZHBRefreshIndictorView.m; sourceTree = "<group>"; };
		FD053B731B0B6B3700AF1EE1 /* ZHBRefreshScrollView.h */ = {isa = PBXFileReference; fileEncoding = 4; lastKnownFileType = sourcecode.c.h; path = ZHBRefreshScrollView.h; sourceTree = "<group>"; };
		FD053B741B0B6B3700AF1EE1 /* ZHBRefreshScrollView.m */ = {isa = PBXFileReference; fileEncoding = 4; lastKnownFileType = sourcecode.c.objc; path = ZHBRefreshScrollView.m; sourceTree = "<group>"; };
		FD053B761B0B6B3700AF1EE1 /* ZHBWaterFallView.h */ = {isa = PBXFileReference; fileEncoding = 4; lastKnownFileType = sourcecode.c.h; path = ZHBWaterFallView.h; sourceTree = "<group>"; };
		FD053B771B0B6B3700AF1EE1 /* ZHBWaterFallView.m */ = {isa = PBXFileReference; fileEncoding = 4; lastKnownFileType = sourcecode.c.objc; path = ZHBWaterFallView.m; sourceTree = "<group>"; };
		FD053B781B0B6B3700AF1EE1 /* ZHBWaterFallViewCell.h */ = {isa = PBXFileReference; fileEncoding = 4; lastKnownFileType = sourcecode.c.h; path = ZHBWaterFallViewCell.h; sourceTree = "<group>"; };
		FD053B791B0B6B3700AF1EE1 /* ZHBWaterFallViewCell.m */ = {isa = PBXFileReference; fileEncoding = 4; lastKnownFileType = sourcecode.c.objc; path = ZHBWaterFallViewCell.m; sourceTree = "<group>"; };
		FD053B811B0B6C0900AF1EE1 /* BaseEntity.h */ = {isa = PBXFileReference; fileEncoding = 4; lastKnownFileType = sourcecode.c.h; path = BaseEntity.h; sourceTree = "<group>"; };
		FD053B821B0B6C0900AF1EE1 /* BaseEntity.m */ = {isa = PBXFileReference; fileEncoding = 4; lastKnownFileType = sourcecode.c.objc; path = BaseEntity.m; sourceTree = "<group>"; };
		FD053B831B0B6C0900AF1EE1 /* BaseViewController.h */ = {isa = PBXFileReference; fileEncoding = 4; lastKnownFileType = sourcecode.c.h; path = BaseViewController.h; sourceTree = "<group>"; };
		FD053B841B0B6C0900AF1EE1 /* BaseViewController.m */ = {isa = PBXFileReference; fileEncoding = 4; lastKnownFileType = sourcecode.c.objc; path = BaseViewController.m; sourceTree = "<group>"; };
		FD053B8C1B0B77E200AF1EE1 /* BaseNavigationController.h */ = {isa = PBXFileReference; fileEncoding = 4; lastKnownFileType = sourcecode.c.h; path = BaseNavigationController.h; sourceTree = "<group>"; };
		FD053B8D1B0B77E200AF1EE1 /* BaseNavigationController.m */ = {isa = PBXFileReference; fileEncoding = 4; lastKnownFileType = sourcecode.c.objc; path = BaseNavigationController.m; sourceTree = "<group>"; };
		FD053B901B0B798F00AF1EE1 /* RMMapper.h */ = {isa = PBXFileReference; fileEncoding = 4; lastKnownFileType = sourcecode.c.h; path = RMMapper.h; sourceTree = "<group>"; };
		FD053B911B0B798F00AF1EE1 /* RMMapper.m */ = {isa = PBXFileReference; fileEncoding = 4; lastKnownFileType = sourcecode.c.objc; path = RMMapper.m; sourceTree = "<group>"; };
		FD053B931B0B79DD00AF1EE1 /* NSObject+RMArchivable.h */ = {isa = PBXFileReference; fileEncoding = 4; lastKnownFileType = sourcecode.c.h; path = "NSObject+RMArchivable.h"; sourceTree = "<group>"; };
		FD053B941B0B79DD00AF1EE1 /* NSObject+RMArchivable.m */ = {isa = PBXFileReference; fileEncoding = 4; lastKnownFileType = sourcecode.c.objc; path = "NSObject+RMArchivable.m"; sourceTree = "<group>"; };
		FD053B951B0B79DD00AF1EE1 /* NSObject+RMCopyable.h */ = {isa = PBXFileReference; fileEncoding = 4; lastKnownFileType = sourcecode.c.h; path = "NSObject+RMCopyable.h"; sourceTree = "<group>"; };
		FD053B961B0B79DD00AF1EE1 /* NSObject+RMCopyable.m */ = {isa = PBXFileReference; fileEncoding = 4; lastKnownFileType = sourcecode.c.objc; path = "NSObject+RMCopyable.m"; sourceTree = "<group>"; };
		FD053B971B0B79DD00AF1EE1 /* NSUserDefaults+RMSaveCustomObject.h */ = {isa = PBXFileReference; fileEncoding = 4; lastKnownFileType = sourcecode.c.h; path = "NSUserDefaults+RMSaveCustomObject.h"; sourceTree = "<group>"; };
		FD053B981B0B79DD00AF1EE1 /* NSUserDefaults+RMSaveCustomObject.m */ = {isa = PBXFileReference; fileEncoding = 4; lastKnownFileType = sourcecode.c.objc; path = "NSUserDefaults+RMSaveCustomObject.m"; sourceTree = "<group>"; };
		FD053BA21B0B7D8300AF1EE1 /* ReviveSH-Prefix.pch */ = {isa = PBXFileReference; lastKnownFileType = sourcecode.c.h; path = "ReviveSH-Prefix.pch"; sourceTree = "<group>"; };
		FD053BC81B0B870C00AF1EE1 /* ReviveSH copy-Info.plist */ = {isa = PBXFileReference; lastKnownFileType = text.plist.xml; name = "ReviveSH copy-Info.plist"; path = "/Users/zhb/Documents/ReviveSH/ReviveSH/ReviveSH copy-Info.plist"; sourceTree = "<absolute>"; };
		FD0B01791B118BD900C848F7 /* like-gray.png */ = {isa = PBXFileReference; lastKnownFileType = image.png; path = "like-gray.png"; sourceTree = "<group>"; };
		FD0B017A1B118BD900C848F7 /* like.png */ = {isa = PBXFileReference; lastKnownFileType = image.png; path = like.png; sourceTree = "<group>"; };
		FD0B017B1B118BD900C848F7 /* map-icon.png */ = {isa = PBXFileReference; lastKnownFileType = image.png; path = "map-icon.png"; sourceTree = "<group>"; };
		FD0B017C1B118BD900C848F7 /* pause-icon.png */ = {isa = PBXFileReference; lastKnownFileType = image.png; path = "pause-icon.png"; sourceTree = "<group>"; };
		FD0B017D1B118BD900C848F7 /* play-icon.png */ = {isa = PBXFileReference; lastKnownFileType = image.png; path = "play-icon.png"; sourceTree = "<group>"; };
		FD0B017E1B118BD900C848F7 /* play-pause.png */ = {isa = PBXFileReference; lastKnownFileType = image.png; path = "play-pause.png"; sourceTree = "<group>"; };
		FD0B01851B11A8ED00C848F7 /* back.png */ = {isa = PBXFileReference; lastKnownFileType = image.png; path = back.png; sourceTree = "<group>"; };
		FD0B018A1B11CC7600C848F7 /* NetWorkManager.h */ = {isa = PBXFileReference; fileEncoding = 4; lastKnownFileType = sourcecode.c.h; path = NetWorkManager.h; sourceTree = "<group>"; };
		FD0B018B1B11CC7600C848F7 /* NetWorkManager.m */ = {isa = PBXFileReference; fileEncoding = 4; lastKnownFileType = sourcecode.c.objc; path = NetWorkManager.m; sourceTree = "<group>"; };
		FD0B018D1B11D7E500C848F7 /* HomePageViewSpotEntity.h */ = {isa = PBXFileReference; fileEncoding = 4; lastKnownFileType = sourcecode.c.h; path = HomePageViewSpotEntity.h; sourceTree = "<group>"; };
		FD0B018E1B11D7E500C848F7 /* HomePageViewSpotEntity.m */ = {isa = PBXFileReference; fileEncoding = 4; lastKnownFileType = sourcecode.c.objc; path = HomePageViewSpotEntity.m; sourceTree = "<group>"; };
		FD0B01901B11E7E700C848F7 /* HomePageViewController+Request.h */ = {isa = PBXFileReference; fileEncoding = 4; lastKnownFileType = sourcecode.c.h; path = "HomePageViewController+Request.h"; sourceTree = "<group>"; };
		FD0B01911B11E7E700C848F7 /* HomePageViewController+Request.m */ = {isa = PBXFileReference; fileEncoding = 4; lastKnownFileType = sourcecode.c.objc; path = "HomePageViewController+Request.m"; sourceTree = "<group>"; };
		FD0B01931B11E84F00C848F7 /* RequestBaseViewController.h */ = {isa = PBXFileReference; fileEncoding = 4; lastKnownFileType = sourcecode.c.h; path = RequestBaseViewController.h; sourceTree = "<group>"; };
		FD0B01941B11E84F00C848F7 /* RequestBaseViewController.m */ = {isa = PBXFileReference; fileEncoding = 4; lastKnownFileType = sourcecode.c.objc; path = RequestBaseViewController.m; sourceTree = "<group>"; };
		FD0B01961B11F9FA00C848F7 /* HomePageViewSpotFeedbackEntity.h */ = {isa = PBXFileReference; fileEncoding = 4; lastKnownFileType = sourcecode.c.h; path = HomePageViewSpotFeedbackEntity.h; sourceTree = "<group>"; };
		FD0B01971B11F9FA00C848F7 /* HomePageViewSpotFeedbackEntity.m */ = {isa = PBXFileReference; fileEncoding = 4; lastKnownFileType = sourcecode.c.objc; path = HomePageViewSpotFeedbackEntity.m; sourceTree = "<group>"; };
		FD0B01991B12029000C848F7 /* loading-image.png */ = {isa = PBXFileReference; lastKnownFileType = image.png; path = "loading-image.png"; sourceTree = "<group>"; };
		FD0B019B1B120F4100C848F7 /* HomePageDetailViewController+Request.h */ = {isa = PBXFileReference; fileEncoding = 4; lastKnownFileType = sourcecode.c.h; path = "HomePageDetailViewController+Request.h"; sourceTree = "<group>"; };
		FD0B019C1B120F4100C848F7 /* HomePageDetailViewController+Request.m */ = {isa = PBXFileReference; fileEncoding = 4; lastKnownFileType = sourcecode.c.objc; path = "HomePageDetailViewController+Request.m"; sourceTree = "<group>"; };
		FD0B019E1B12104100C848F7 /* HomePageViewSpotDetailEntity.h */ = {isa = PBXFileReference; fileEncoding = 4; lastKnownFileType = sourcecode.c.h; path = HomePageViewSpotDetailEntity.h; sourceTree = "<group>"; };
		FD0B019F1B12104100C848F7 /* HomePageViewSpotDetailEntity.m */ = {isa = PBXFileReference; fileEncoding = 4; lastKnownFileType = sourcecode.c.objc; path = HomePageViewSpotDetailEntity.m; sourceTree = "<group>"; };
		FD1CF11F1B0CDB1B00C639F0 /* BaseUIView.h */ = {isa = PBXFileReference; fileEncoding = 4; lastKnownFileType = sourcecode.c.h; path = BaseUIView.h; sourceTree = "<group>"; };
		FD1CF1201B0CDB1B00C639F0 /* BaseUIView.m */ = {isa = PBXFileReference; fileEncoding = 4; lastKnownFileType = sourcecode.c.objc; path = BaseUIView.m; sourceTree = "<group>"; };
		FD38C9C31B0F6BED00DEADD7 /* HomePageWaterFallCell.h */ = {isa = PBXFileReference; fileEncoding = 4; lastKnownFileType = sourcecode.c.h; path = HomePageWaterFallCell.h; sourceTree = "<group>"; };
		FD38C9C41B0F6BED00DEADD7 /* HomePageWaterFallCell.m */ = {isa = PBXFileReference; fileEncoding = 4; lastKnownFileType = sourcecode.c.objc; path = HomePageWaterFallCell.m; sourceTree = "<group>"; };
		FD38C9C71B0F6BED00DEADD7 /* HomePageViewController.h */ = {isa = PBXFileReference; fileEncoding = 4; lastKnownFileType = sourcecode.c.h; path = HomePageViewController.h; sourceTree = "<group>"; };
		FD38C9C81B0F6BED00DEADD7 /* HomePageViewController.m */ = {isa = PBXFileReference; fileEncoding = 4; lastKnownFileType = sourcecode.c.objc; path = HomePageViewController.m; sourceTree = "<group>"; };
		FD38C9D51B0F6D0300DEADD7 /* BaseUITableViewCell.h */ = {isa = PBXFileReference; fileEncoding = 4; lastKnownFileType = sourcecode.c.h; path = BaseUITableViewCell.h; sourceTree = "<group>"; };
		FD38C9D61B0F6D0300DEADD7 /* BaseUITableViewCell.m */ = {isa = PBXFileReference; fileEncoding = 4; lastKnownFileType = sourcecode.c.objc; path = BaseUITableViewCell.m; sourceTree = "<group>"; };
		FD38C9DE1B0F705D00DEADD7 /* HomePageDetailSectionView.h */ = {isa = PBXFileReference; fileEncoding = 4; lastKnownFileType = sourcecode.c.h; path = HomePageDetailSectionView.h; sourceTree = "<group>"; };
		FD38C9DF1B0F705D00DEADD7 /* HomePageDetailSectionView.m */ = {isa = PBXFileReference; fileEncoding = 4; lastKnownFileType = sourcecode.c.objc; path = HomePageDetailSectionView.m; sourceTree = "<group>"; };
		FD38C9E11B0F724400DEADD7 /* HomePageDetailConstants.h */ = {isa = PBXFileReference; fileEncoding = 4; lastKnownFileType = sourcecode.c.h; path = HomePageDetailConstants.h; sourceTree = "<group>"; };
		FD38C9EA1B0F773200DEADD7 /* DrawRectMethod.h */ = {isa = PBXFileReference; fileEncoding = 4; lastKnownFileType = sourcecode.c.h; path = DrawRectMethod.h; sourceTree = "<group>"; };
		FD38C9EB1B0F773200DEADD7 /* DrawRectMethod.m */ = {isa = PBXFileReference; fileEncoding = 4; lastKnownFileType = sourcecode.c.objc; path = DrawRectMethod.m; sourceTree = "<group>"; };
		FD38C9F01B0F7B6800DEADD7 /* BaseConstants.h */ = {isa = PBXFileReference; fileEncoding = 4; lastKnownFileType = sourcecode.c.h; path = BaseConstants.h; sourceTree = "<group>"; };
		FD38C9F11B0F7B6800DEADD7 /* ColorMethodHeader.h */ = {isa = PBXFileReference; fileEncoding = 4; lastKnownFileType = sourcecode.c.h; path = ColorMethodHeader.h; sourceTree = "<group>"; };
		FD38C9F21B0F7D5B00DEADD7 /* HomePageDetailSummarySectionView.h */ = {isa = PBXFileReference; fileEncoding = 4; lastKnownFileType = sourcecode.c.h; path = HomePageDetailSummarySectionView.h; sourceTree = "<group>"; };
		FD38C9F31B0F7D5B00DEADD7 /* HomePageDetailSummarySectionView.m */ = {isa = PBXFileReference; fileEncoding = 4; lastKnownFileType = sourcecode.c.objc; path = HomePageDetailSummarySectionView.m; sourceTree = "<group>"; };
		FD38C9F51B0F7E8200DEADD7 /* HomePageDetailAudioPlayerCell.h */ = {isa = PBXFileReference; fileEncoding = 4; lastKnownFileType = sourcecode.c.h; path = HomePageDetailAudioPlayerCell.h; sourceTree = "<group>"; };
		FD38C9F61B0F7E8200DEADD7 /* HomePageDetailAudioPlayerCell.m */ = {isa = PBXFileReference; fileEncoding = 4; lastKnownFileType = sourcecode.c.objc; path = HomePageDetailAudioPlayerCell.m; sourceTree = "<group>"; };
		FD38C9FD1B0F8AFB00DEADD7 /* UIButton+RoundCorner.h */ = {isa = PBXFileReference; fileEncoding = 4; lastKnownFileType = sourcecode.c.h; path = "UIButton+RoundCorner.h"; sourceTree = "<group>"; };
		FD38C9FE1B0F8AFB00DEADD7 /* UIButton+RoundCorner.m */ = {isa = PBXFileReference; fileEncoding = 4; lastKnownFileType = sourcecode.c.objc; path = "UIButton+RoundCorner.m"; sourceTree = "<group>"; };
		FD38CA061B0F8BF000DEADD7 /* UILabel+AttributedString.h */ = {isa = PBXFileReference; fileEncoding = 4; lastKnownFileType = sourcecode.c.h; path = "UILabel+AttributedString.h"; sourceTree = "<group>"; };
		FD38CA071B0F8BF000DEADD7 /* UILabel+AttributedString.m */ = {isa = PBXFileReference; fileEncoding = 4; lastKnownFileType = sourcecode.c.objc; path = "UILabel+AttributedString.m"; sourceTree = "<group>"; };
		FD3F80D71B00E765001F272D /* ReviveSH.app */ = {isa = PBXFileReference; explicitFileType = wrapper.application; includeInIndex = 0; path = ReviveSH.app; sourceTree = BUILT_PRODUCTS_DIR; };
		FD3F80DB1B00E765001F272D /* Info.plist */ = {isa = PBXFileReference; lastKnownFileType = text.plist.xml; path = Info.plist; sourceTree = "<group>"; };
		FD3F80DC1B00E765001F272D /* main.m */ = {isa = PBXFileReference; lastKnownFileType = sourcecode.c.objc; path = main.m; sourceTree = "<group>"; };
		FD3F80DE1B00E765001F272D /* AppDelegate.h */ = {isa = PBXFileReference; lastKnownFileType = sourcecode.c.h; path = AppDelegate.h; sourceTree = "<group>"; };
		FD3F80DF1B00E765001F272D /* AppDelegate.m */ = {isa = PBXFileReference; lastKnownFileType = sourcecode.c.objc; path = AppDelegate.m; sourceTree = "<group>"; };
		FD3F80E11B00E765001F272D /* ViewController.h */ = {isa = PBXFileReference; lastKnownFileType = sourcecode.c.h; path = ViewController.h; sourceTree = "<group>"; };
		FD3F80E21B00E765001F272D /* ViewController.m */ = {isa = PBXFileReference; lastKnownFileType = sourcecode.c.objc; path = ViewController.m; sourceTree = "<group>"; };
		FD3F80E51B00E765001F272D /* Base */ = {isa = PBXFileReference; lastKnownFileType = file.storyboard; name = Base; path = Base.lproj/Main.storyboard; sourceTree = "<group>"; };
		FD3F80E71B00E765001F272D /* Images.xcassets */ = {isa = PBXFileReference; lastKnownFileType = folder.assetcatalog; path = Images.xcassets; sourceTree = "<group>"; };
		FD3F80EA1B00E765001F272D /* Base */ = {isa = PBXFileReference; lastKnownFileType = file.xib; name = Base; path = Base.lproj/LaunchScreen.xib; sourceTree = "<group>"; };
		FD3F80F01B00E765001F272D /* ReviveSHTests.xctest */ = {isa = PBXFileReference; explicitFileType = wrapper.cfbundle; includeInIndex = 0; path = ReviveSHTests.xctest; sourceTree = BUILT_PRODUCTS_DIR; };
		FD3F80F51B00E765001F272D /* Info.plist */ = {isa = PBXFileReference; lastKnownFileType = text.plist.xml; path = Info.plist; sourceTree = "<group>"; };
		FD3F80F61B00E765001F272D /* ReviveSHTests.m */ = {isa = PBXFileReference; lastKnownFileType = sourcecode.c.objc; path = ReviveSHTests.m; sourceTree = "<group>"; };
		FD524FAE1B0E288E00FEF1B1 /* AudioStreamer.h */ = {isa = PBXFileReference; fileEncoding = 4; lastKnownFileType = sourcecode.c.h; path = AudioStreamer.h; sourceTree = "<group>"; };
		FD524FAF1B0E288E00FEF1B1 /* AudioStreamer.m */ = {isa = PBXFileReference; fileEncoding = 4; lastKnownFileType = sourcecode.c.objc; path = AudioStreamer.m; sourceTree = "<group>"; };
/* End PBXFileReference section */

/* Begin PBXFrameworksBuildPhase section */
		FD3F80D41B00E765001F272D /* Frameworks */ = {
			isa = PBXFrameworksBuildPhase;
			buildActionMask = 2147483647;
			files = (
				D185FF4A10E47D222AC2AAE8 /* libPods.a in Frameworks */,
			);
			runOnlyForDeploymentPostprocessing = 0;
		};
		FD3F80ED1B00E765001F272D /* Frameworks */ = {
			isa = PBXFrameworksBuildPhase;
			buildActionMask = 2147483647;
			files = (
			);
			runOnlyForDeploymentPostprocessing = 0;
		};
/* End PBXFrameworksBuildPhase section */

/* Begin PBXGroup section */
		1F2F2FD2F599D550FCF9CC1E /* Frameworks */ = {
			isa = PBXGroup;
			children = (
				111724D4F095399D4C3AEF0D /* libPods.a */,
			);
			name = Frameworks;
			sourceTree = "<group>";
		};
		7DCAA0535EA1603EF686B9F9 /* Pods */ = {
			isa = PBXGroup;
			children = (
				002DC963D5322AACD3496AA8 /* Pods.debug.xcconfig */,
				9EAAFB294437F66040ADA304 /* Pods.release.xcconfig */,
			);
			name = Pods;
			sourceTree = "<group>";
		};
		FD00D1CC1B10C49D0050770B /* Other */ = {
			isa = PBXGroup;
			children = (
				FD00D1CD1B10C49D0050770B /* AudioPlayerController */,
			);
			path = Other;
			sourceTree = "<group>";
		};
		FD00D1CD1B10C49D0050770B /* AudioPlayerController */ = {
			isa = PBXGroup;
			children = (
				FD00D1CE1B10C5010050770B /* AudioPlayerController.h */,
				FD00D1CF1B10C5010050770B /* AudioPlayerController.m */,
			);
			path = AudioPlayerController;
			sourceTree = "<group>";
		};
		FD053B6A1B0B6B3700AF1EE1 /* OpenSource */ = {
			isa = PBXGroup;
			children = (
				FD524FAD1B0E288E00FEF1B1 /* AudioStreamer */,
				FD053B8F1B0B798F00AF1EE1 /* RMMapper */,
				FD053B6B1B0B6B3700AF1EE1 /* MMMaterialDesignSpinner */,
				FD053B6E1B0B6B3700AF1EE1 /* ZHBRefresh */,
				FD053B751B0B6B3700AF1EE1 /* ZHBWaterFall */,
			);
			path = OpenSource;
			sourceTree = "<group>";
		};
		FD053B6B1B0B6B3700AF1EE1 /* MMMaterialDesignSpinner */ = {
			isa = PBXGroup;
			children = (
				FD053B6C1B0B6B3700AF1EE1 /* MMMaterialDesignSpinner.h */,
				FD053B6D1B0B6B3700AF1EE1 /* MMMaterialDesignSpinner.m */,
			);
			path = MMMaterialDesignSpinner;
			sourceTree = "<group>";
		};
		FD053B6E1B0B6B3700AF1EE1 /* ZHBRefresh */ = {
			isa = PBXGroup;
			children = (
				FD053B6F1B0B6B3700AF1EE1 /* ZHBRefreshFooterView.h */,
				FD053B701B0B6B3700AF1EE1 /* ZHBRefreshFooterView.m */,
				FD053B711B0B6B3700AF1EE1 /* ZHBRefreshIndictorView.h */,
				FD053B721B0B6B3700AF1EE1 /* ZHBRefreshIndictorView.m */,
				FD053B731B0B6B3700AF1EE1 /* ZHBRefreshScrollView.h */,
				FD053B741B0B6B3700AF1EE1 /* ZHBRefreshScrollView.m */,
			);
			path = ZHBRefresh;
			sourceTree = "<group>";
		};
		FD053B751B0B6B3700AF1EE1 /* ZHBWaterFall */ = {
			isa = PBXGroup;
			children = (
				FD053B761B0B6B3700AF1EE1 /* ZHBWaterFallView.h */,
				FD053B771B0B6B3700AF1EE1 /* ZHBWaterFallView.m */,
				FD053B781B0B6B3700AF1EE1 /* ZHBWaterFallViewCell.h */,
				FD053B791B0B6B3700AF1EE1 /* ZHBWaterFallViewCell.m */,
			);
			path = ZHBWaterFall;
			sourceTree = "<group>";
		};
		FD053B801B0B6C0900AF1EE1 /* Base */ = {
			isa = PBXGroup;
			children = (
				FD38C9EF1B0F7B6800DEADD7 /* Headers */,
				FD053B811B0B6C0900AF1EE1 /* BaseEntity.h */,
				FD053B821B0B6C0900AF1EE1 /* BaseEntity.m */,
				FD053B831B0B6C0900AF1EE1 /* BaseViewController.h */,
				FD053B841B0B6C0900AF1EE1 /* BaseViewController.m */,
				FD053B8C1B0B77E200AF1EE1 /* BaseNavigationController.h */,
				FD053B8D1B0B77E200AF1EE1 /* BaseNavigationController.m */,
				FD1CF11F1B0CDB1B00C639F0 /* BaseUIView.h */,
				FD1CF1201B0CDB1B00C639F0 /* BaseUIView.m */,
				FD38C9D51B0F6D0300DEADD7 /* BaseUITableViewCell.h */,
				FD38C9D61B0F6D0300DEADD7 /* BaseUITableViewCell.m */,
				FD0B01931B11E84F00C848F7 /* RequestBaseViewController.h */,
				FD0B01941B11E84F00C848F7 /* RequestBaseViewController.m */,
			);
			path = Base;
			sourceTree = "<group>";
		};
		FD053B871B0B6C8200AF1EE1 /* Module */ = {
			isa = PBXGroup;
			children = (
				FD00D1CC1B10C49D0050770B /* Other */,
				FD053B881B0B6CB300AF1EE1 /* HomePage */,
			);
			path = Module;
			sourceTree = "<group>";
		};
		FD053B881B0B6CB300AF1EE1 /* HomePage */ = {
			isa = PBXGroup;
			children = (
				FD38C9C11B0F6BEC00DEADD7 /* HomePage */,
				FD38C9C91B0F6BED00DEADD7 /* HomePageDetail */,
			);
			path = HomePage;
			sourceTree = "<group>";
		};
		FD053B8F1B0B798F00AF1EE1 /* RMMapper */ = {
			isa = PBXGroup;
			children = (
				FD053B931B0B79DD00AF1EE1 /* NSObject+RMArchivable.h */,
				FD053B941B0B79DD00AF1EE1 /* NSObject+RMArchivable.m */,
				FD053B951B0B79DD00AF1EE1 /* NSObject+RMCopyable.h */,
				FD053B961B0B79DD00AF1EE1 /* NSObject+RMCopyable.m */,
				FD053B971B0B79DD00AF1EE1 /* NSUserDefaults+RMSaveCustomObject.h */,
				FD053B981B0B79DD00AF1EE1 /* NSUserDefaults+RMSaveCustomObject.m */,
				FD053B901B0B798F00AF1EE1 /* RMMapper.h */,
				FD053B911B0B798F00AF1EE1 /* RMMapper.m */,
			);
			path = RMMapper;
			sourceTree = "<group>";
		};
		FD0B01771B118B5A00C848F7 /* ImageSource */ = {
			isa = PBXGroup;
			children = (
				FD0B01781B118BD900C848F7 /* Common */,
			);
			path = ImageSource;
			sourceTree = "<group>";
		};
		FD0B01781B118BD900C848F7 /* Common */ = {
			isa = PBXGroup;
			children = (
				FD0B01991B12029000C848F7 /* loading-image.png */,
				FD0B01851B11A8ED00C848F7 /* back.png */,
				FD0B01791B118BD900C848F7 /* like-gray.png */,
				FD0B017A1B118BD900C848F7 /* like.png */,
				FD0B017B1B118BD900C848F7 /* map-icon.png */,
				FD0B017C1B118BD900C848F7 /* pause-icon.png */,
				FD0B017D1B118BD900C848F7 /* play-icon.png */,
				FD0B017E1B118BD900C848F7 /* play-pause.png */,
			);
			path = Common;
			sourceTree = "<group>";
		};
		FD0B01891B11CBDF00C848F7 /* Network */ = {
			isa = PBXGroup;
			children = (
				FD0B018A1B11CC7600C848F7 /* NetWorkManager.h */,
				FD0B018B1B11CC7600C848F7 /* NetWorkManager.m */,
			);
			path = Network;
			sourceTree = "<group>";
		};
		FD38C9C11B0F6BEC00DEADD7 /* HomePage */ = {
			isa = PBXGroup;
			children = (
				FD38C9C21B0F6BED00DEADD7 /* Cell */,
				FD38C9C51B0F6BED00DEADD7 /* Model */,
				FD38C9C61B0F6BED00DEADD7 /* ViewController */,
			);
			path = HomePage;
			sourceTree = "<group>";
		};
		FD38C9C21B0F6BED00DEADD7 /* Cell */ = {
			isa = PBXGroup;
			children = (
				FD38C9C31B0F6BED00DEADD7 /* HomePageWaterFallCell.h */,
				FD38C9C41B0F6BED00DEADD7 /* HomePageWaterFallCell.m */,
			);
			path = Cell;
			sourceTree = "<group>";
		};
		FD38C9C51B0F6BED00DEADD7 /* Model */ = {
			isa = PBXGroup;
			children = (
				FD0B018D1B11D7E500C848F7 /* HomePageViewSpotEntity.h */,
				FD0B018E1B11D7E500C848F7 /* HomePageViewSpotEntity.m */,
				FD0B01961B11F9FA00C848F7 /* HomePageViewSpotFeedbackEntity.h */,
				FD0B01971B11F9FA00C848F7 /* HomePageViewSpotFeedbackEntity.m */,
			);
			path = Model;
			sourceTree = "<group>";
		};
		FD38C9C61B0F6BED00DEADD7 /* ViewController */ = {
			isa = PBXGroup;
			children = (
				FD38C9C71B0F6BED00DEADD7 /* HomePageViewController.h */,
				FD38C9C81B0F6BED00DEADD7 /* HomePageViewController.m */,
				FD0B01901B11E7E700C848F7 /* HomePageViewController+Request.h */,
				FD0B01911B11E7E700C848F7 /* HomePageViewController+Request.m */,
			);
			path = ViewController;
			sourceTree = "<group>";
		};
		FD38C9C91B0F6BED00DEADD7 /* HomePageDetail */ = {
			isa = PBXGroup;
			children = (
				FD38C9CA1B0F6BED00DEADD7 /* Cell */,
				FD38C9CD1B0F6BED00DEADD7 /* Model */,
				FD38C9CE1B0F6BED00DEADD7 /* ViewController */,
				FD38C9E11B0F724400DEADD7 /* HomePageDetailConstants.h */,
			);
			path = HomePageDetail;
			sourceTree = "<group>";
		};
		FD38C9CA1B0F6BED00DEADD7 /* Cell */ = {
			isa = PBXGroup;
			children = (
				FD38C9F51B0F7E8200DEADD7 /* HomePageDetailAudioPlayerCell.h */,
				FD38C9F61B0F7E8200DEADD7 /* HomePageDetailAudioPlayerCell.m */,
				FD38C9DE1B0F705D00DEADD7 /* HomePageDetailSectionView.h */,
				FD38C9DF1B0F705D00DEADD7 /* HomePageDetailSectionView.m */,
				FD38C9F21B0F7D5B00DEADD7 /* HomePageDetailSummarySectionView.h */,
				FD38C9F31B0F7D5B00DEADD7 /* HomePageDetailSummarySectionView.m */,
				FD00D1C61B10AFEC0050770B /* HomePageDetailAudioPlayerView.h */,
				FD00D1C71B10AFEC0050770B /* HomePageDetailAudioPlayerView.m */,
			);
			path = Cell;
			sourceTree = "<group>";
		};
		FD38C9CD1B0F6BED00DEADD7 /* Model */ = {
			isa = PBXGroup;
			children = (
				FD0B019E1B12104100C848F7 /* HomePageViewSpotDetailEntity.h */,
				FD0B019F1B12104100C848F7 /* HomePageViewSpotDetailEntity.m */,
			);
			path = Model;
			sourceTree = "<group>";
		};
		FD38C9CE1B0F6BED00DEADD7 /* ViewController */ = {
			isa = PBXGroup;
			children = (
				FD00D1C91B10B04C0050770B /* HomePageDetailViewController.h */,
				FD00D1CA1B10B04C0050770B /* HomePageDetailViewController.m */,
				FD0B019B1B120F4100C848F7 /* HomePageDetailViewController+Request.h */,
				FD0B019C1B120F4100C848F7 /* HomePageDetailViewController+Request.m */,
			);
			path = ViewController;
			sourceTree = "<group>";
		};
		FD38C9E21B0F730F00DEADD7 /* Utils */ = {
			isa = PBXGroup;
			children = (
				FD38CA001B0F8B3600DEADD7 /* UILabelUtils */,
				FD38C9FB1B0F8AFB00DEADD7 /* UIButtonUtils */,
				FD38C9E31B0F73AB00DEADD7 /* NSStringUtils */,
				FD38C9E41B0F73AB00DEADD7 /* UIImageUtils */,
				FD38C9E51B0F73AB00DEADD7 /* UIViewUtils */,
			);
			path = Utils;
			sourceTree = "<group>";
		};
		FD38C9E31B0F73AB00DEADD7 /* NSStringUtils */ = {
			isa = PBXGroup;
			children = (
				FD38C9E81B0F73EC00DEADD7 /* Category */,
			);
			path = NSStringUtils;
			sourceTree = "<group>";
		};
		FD38C9E41B0F73AB00DEADD7 /* UIImageUtils */ = {
			isa = PBXGroup;
			children = (
				FD38C9E71B0F73E600DEADD7 /* Category */,
			);
			path = UIImageUtils;
			sourceTree = "<group>";
		};
		FD38C9E51B0F73AB00DEADD7 /* UIViewUtils */ = {
			isa = PBXGroup;
			children = (
				FD38C9E91B0F76EF00DEADD7 /* Class */,
				FD38C9E61B0F73AB00DEADD7 /* Category */,
			);
			path = UIViewUtils;
			sourceTree = "<group>";
		};
		FD38C9E61B0F73AB00DEADD7 /* Category */ = {
			isa = PBXGroup;
			children = (
			);
			path = Category;
			sourceTree = "<group>";
		};
		FD38C9E71B0F73E600DEADD7 /* Category */ = {
			isa = PBXGroup;
			children = (
			);
			path = Category;
			sourceTree = "<group>";
		};
		FD38C9E81B0F73EC00DEADD7 /* Category */ = {
			isa = PBXGroup;
			children = (
			);
			path = Category;
			sourceTree = "<group>";
		};
		FD38C9E91B0F76EF00DEADD7 /* Class */ = {
			isa = PBXGroup;
			children = (
				FD38C9EA1B0F773200DEADD7 /* DrawRectMethod.h */,
				FD38C9EB1B0F773200DEADD7 /* DrawRectMethod.m */,
			);
			path = Class;
			sourceTree = "<group>";
		};
		FD38C9EF1B0F7B6800DEADD7 /* Headers */ = {
			isa = PBXGroup;
			children = (
				FD38C9F01B0F7B6800DEADD7 /* BaseConstants.h */,
				FD38C9F11B0F7B6800DEADD7 /* ColorMethodHeader.h */,
			);
			path = Headers;
			sourceTree = "<group>";
		};
		FD38C9FB1B0F8AFB00DEADD7 /* UIButtonUtils */ = {
			isa = PBXGroup;
			children = (
				FD38C9FC1B0F8AFB00DEADD7 /* Category */,
			);
			path = UIButtonUtils;
			sourceTree = "<group>";
		};
		FD38C9FC1B0F8AFB00DEADD7 /* Category */ = {
			isa = PBXGroup;
			children = (
				FD38C9FD1B0F8AFB00DEADD7 /* UIButton+RoundCorner.h */,
				FD38C9FE1B0F8AFB00DEADD7 /* UIButton+RoundCorner.m */,
			);
			path = Category;
			sourceTree = "<group>";
		};
		FD38CA001B0F8B3600DEADD7 /* UILabelUtils */ = {
			isa = PBXGroup;
			children = (
				FD38CA051B0F8BE100DEADD7 /* Category */,
			);
			path = UILabelUtils;
			sourceTree = "<group>";
		};
		FD38CA051B0F8BE100DEADD7 /* Category */ = {
			isa = PBXGroup;
			children = (
				FD38CA061B0F8BF000DEADD7 /* UILabel+AttributedString.h */,
				FD38CA071B0F8BF000DEADD7 /* UILabel+AttributedString.m */,
			);
			path = Category;
			sourceTree = "<group>";
		};
		FD3F80CE1B00E765001F272D = {
			isa = PBXGroup;
			children = (
				FD3F80D91B00E765001F272D /* ReviveSH */,
				FD3F80F31B00E765001F272D /* ReviveSHTests */,
				FD3F80D81B00E765001F272D /* Products */,
				7DCAA0535EA1603EF686B9F9 /* Pods */,
				1F2F2FD2F599D550FCF9CC1E /* Frameworks */,
				FD053BC81B0B870C00AF1EE1 /* ReviveSH copy-Info.plist */,
			);
			sourceTree = "<group>";
		};
		FD3F80D81B00E765001F272D /* Products */ = {
			isa = PBXGroup;
			children = (
				FD3F80D71B00E765001F272D /* ReviveSH.app */,
				FD3F80F01B00E765001F272D /* ReviveSHTests.xctest */,
			);
			name = Products;
			sourceTree = "<group>";
		};
		FD3F80D91B00E765001F272D /* ReviveSH */ = {
			isa = PBXGroup;
			children = (
				FD0B01891B11CBDF00C848F7 /* Network */,
				FD0B01771B118B5A00C848F7 /* ImageSource */,
				FD38C9E21B0F730F00DEADD7 /* Utils */,
				FD053B871B0B6C8200AF1EE1 /* Module */,
				FD053B801B0B6C0900AF1EE1 /* Base */,
				FD053B6A1B0B6B3700AF1EE1 /* OpenSource */,
				FD3F80DE1B00E765001F272D /* AppDelegate.h */,
				FD3F80DF1B00E765001F272D /* AppDelegate.m */,
				FD3F80E11B00E765001F272D /* ViewController.h */,
				FD3F80E21B00E765001F272D /* ViewController.m */,
				FD3F80E41B00E765001F272D /* Main.storyboard */,
				FD3F80E71B00E765001F272D /* Images.xcassets */,
				FD3F80E91B00E765001F272D /* LaunchScreen.xib */,
				FD3F80DA1B00E765001F272D /* Supporting Files */,
			);
			path = ReviveSH;
			sourceTree = "<group>";
		};
		FD3F80DA1B00E765001F272D /* Supporting Files */ = {
			isa = PBXGroup;
			children = (
				FD3F80DB1B00E765001F272D /* Info.plist */,
				FD3F80DC1B00E765001F272D /* main.m */,
				FD053BA21B0B7D8300AF1EE1 /* ReviveSH-Prefix.pch */,
			);
			name = "Supporting Files";
			sourceTree = "<group>";
		};
		FD3F80F31B00E765001F272D /* ReviveSHTests */ = {
			isa = PBXGroup;
			children = (
				FD3F80F61B00E765001F272D /* ReviveSHTests.m */,
				FD3F80F41B00E765001F272D /* Supporting Files */,
			);
			path = ReviveSHTests;
			sourceTree = "<group>";
		};
		FD3F80F41B00E765001F272D /* Supporting Files */ = {
			isa = PBXGroup;
			children = (
				FD3F80F51B00E765001F272D /* Info.plist */,
			);
			name = "Supporting Files";
			sourceTree = "<group>";
		};
		FD524FAD1B0E288E00FEF1B1 /* AudioStreamer */ = {
			isa = PBXGroup;
			children = (
				FD524FAE1B0E288E00FEF1B1 /* AudioStreamer.h */,
				FD524FAF1B0E288E00FEF1B1 /* AudioStreamer.m */,
			);
			path = AudioStreamer;
			sourceTree = "<group>";
		};
/* End PBXGroup section */

/* Begin PBXNativeTarget section */
		FD3F80D61B00E765001F272D /* ReviveSH */ = {
			isa = PBXNativeTarget;
			buildConfigurationList = FD3F80FA1B00E765001F272D /* Build configuration list for PBXNativeTarget "ReviveSH" */;
			buildPhases = (
				7EFBB4E736405934947814C3 /* Check Pods Manifest.lock */,
				FD3F80D31B00E765001F272D /* Sources */,
				FD3F80D41B00E765001F272D /* Frameworks */,
				FD3F80D51B00E765001F272D /* Resources */,
				8A739F18D91A8A2DBEE548A9 /* Copy Pods Resources */,
			);
			buildRules = (
			);
			dependencies = (
			);
			name = ReviveSH;
			productName = ReviveSH;
			productReference = FD3F80D71B00E765001F272D /* ReviveSH.app */;
			productType = "com.apple.product-type.application";
		};
		FD3F80EF1B00E765001F272D /* ReviveSHTests */ = {
			isa = PBXNativeTarget;
			buildConfigurationList = FD3F80FD1B00E765001F272D /* Build configuration list for PBXNativeTarget "ReviveSHTests" */;
			buildPhases = (
				FD3F80EC1B00E765001F272D /* Sources */,
				FD3F80ED1B00E765001F272D /* Frameworks */,
				FD3F80EE1B00E765001F272D /* Resources */,
			);
			buildRules = (
			);
			dependencies = (
				FD3F80F21B00E765001F272D /* PBXTargetDependency */,
			);
			name = ReviveSHTests;
			productName = ReviveSHTests;
			productReference = FD3F80F01B00E765001F272D /* ReviveSHTests.xctest */;
			productType = "com.apple.product-type.bundle.unit-test";
		};
/* End PBXNativeTarget section */

/* Begin PBXProject section */
		FD3F80CF1B00E765001F272D /* Project object */ = {
			isa = PBXProject;
			attributes = {
				LastUpgradeCheck = 0610;
				ORGANIZATIONNAME = wonders;
				TargetAttributes = {
					FD3F80D61B00E765001F272D = {
						CreatedOnToolsVersion = 6.1.1;
					};
					FD3F80EF1B00E765001F272D = {
						CreatedOnToolsVersion = 6.1.1;
						TestTargetID = FD3F80D61B00E765001F272D;
					};
				};
			};
			buildConfigurationList = FD3F80D21B00E765001F272D /* Build configuration list for PBXProject "ReviveSH" */;
			compatibilityVersion = "Xcode 3.2";
			developmentRegion = English;
			hasScannedForEncodings = 0;
			knownRegions = (
				en,
				Base,
			);
			mainGroup = FD3F80CE1B00E765001F272D;
			productRefGroup = FD3F80D81B00E765001F272D /* Products */;
			projectDirPath = "";
			projectRoot = "";
			targets = (
				FD3F80D61B00E765001F272D /* ReviveSH */,
				FD3F80EF1B00E765001F272D /* ReviveSHTests */,
			);
		};
/* End PBXProject section */

/* Begin PBXResourcesBuildPhase section */
		FD3F80D51B00E765001F272D /* Resources */ = {
			isa = PBXResourcesBuildPhase;
			buildActionMask = 2147483647;
			files = (
				FD3F80E61B00E765001F272D /* Main.storyboard in Resources */,
				FD0B01841B118BD900C848F7 /* play-pause.png in Resources */,
				FD0B01821B118BD900C848F7 /* pause-icon.png in Resources */,
				FD0B01811B118BD900C848F7 /* map-icon.png in Resources */,
				FD0B01801B118BD900C848F7 /* like.png in Resources */,
				FD0B01831B118BD900C848F7 /* play-icon.png in Resources */,
				FD0B01861B11A8ED00C848F7 /* back.png in Resources */,
				FD0B017F1B118BD900C848F7 /* like-gray.png in Resources */,
				FD3F80EB1B00E765001F272D /* LaunchScreen.xib in Resources */,
				FD0B019A1B12029000C848F7 /* loading-image.png in Resources */,
				FD3F80E81B00E765001F272D /* Images.xcassets in Resources */,
			);
			runOnlyForDeploymentPostprocessing = 0;
		};
		FD3F80EE1B00E765001F272D /* Resources */ = {
			isa = PBXResourcesBuildPhase;
			buildActionMask = 2147483647;
			files = (
			);
			runOnlyForDeploymentPostprocessing = 0;
		};
/* End PBXResourcesBuildPhase section */

/* Begin PBXShellScriptBuildPhase section */
		7EFBB4E736405934947814C3 /* Check Pods Manifest.lock */ = {
			isa = PBXShellScriptBuildPhase;
			buildActionMask = 2147483647;
			files = (
			);
			inputPaths = (
			);
			name = "Check Pods Manifest.lock";
			outputPaths = (
			);
			runOnlyForDeploymentPostprocessing = 0;
			shellPath = /bin/sh;
			shellScript = "diff \"${PODS_ROOT}/../Podfile.lock\" \"${PODS_ROOT}/Manifest.lock\" > /dev/null\nif [[ $? != 0 ]] ; then\n    cat << EOM\nerror: The sandbox is not in sync with the Podfile.lock. Run 'pod install' or update your CocoaPods installation.\nEOM\n    exit 1\nfi\n";
			showEnvVarsInLog = 0;
		};
		8A739F18D91A8A2DBEE548A9 /* Copy Pods Resources */ = {
			isa = PBXShellScriptBuildPhase;
			buildActionMask = 2147483647;
			files = (
			);
			inputPaths = (
			);
			name = "Copy Pods Resources";
			outputPaths = (
			);
			runOnlyForDeploymentPostprocessing = 0;
			shellPath = /bin/sh;
			shellScript = "\"${SRCROOT}/Pods/Target Support Files/Pods/Pods-resources.sh\"\n";
			showEnvVarsInLog = 0;
		};
/* End PBXShellScriptBuildPhase section */

/* Begin PBXSourcesBuildPhase section */
		FD3F80D31B00E765001F272D /* Sources */ = {
			isa = PBXSourcesBuildPhase;
			buildActionMask = 2147483647;
			files = (
				FD3F80E31B00E765001F272D /* ViewController.m in Sources */,
				FD0B01921B11E7E700C848F7 /* HomePageViewController+Request.m in Sources */,
				FD00D1CB1B10B04C0050770B /* HomePageDetailViewController.m in Sources */,
				FD00D1C81B10AFEC0050770B /* HomePageDetailAudioPlayerView.m in Sources */,
				FD053B9A1B0B79DD00AF1EE1 /* NSObject+RMCopyable.m in Sources */,
				FD053B851B0B6C0900AF1EE1 /* BaseEntity.m in Sources */,
				FD053B861B0B6C0900AF1EE1 /* BaseViewController.m in Sources */,
				FD524FB01B0E288E00FEF1B1 /* AudioStreamer.m in Sources */,
				FD053B921B0B798F00AF1EE1 /* RMMapper.m in Sources */,
				FD38C9E01B0F705D00DEADD7 /* HomePageDetailSectionView.m in Sources */,
				FD053B7B1B0B6B3700AF1EE1 /* ZHBRefreshFooterView.m in Sources */,
				FD3F80E01B00E765001F272D /* AppDelegate.m in Sources */,
				FD053B7C1B0B6B3700AF1EE1 /* ZHBRefreshIndictorView.m in Sources */,
				FD0B018C1B11CC7600C848F7 /* NetWorkManager.m in Sources */,
				FD38C9F71B0F7E8200DEADD7 /* HomePageDetailAudioPlayerCell.m in Sources */,
				FD0B01A01B12104100C848F7 /* HomePageViewSpotDetailEntity.m in Sources */,
				FD00D1D01B10C5010050770B /* AudioPlayerController.m in Sources */,
				FD053B8E1B0B77E200AF1EE1 /* BaseNavigationController.m in Sources */,
				FD053B7A1B0B6B3700AF1EE1 /* MMMaterialDesignSpinner.m in Sources */,
				FD1CF1211B0CDB1B00C639F0 /* BaseUIView.m in Sources */,
				FD38C9EC1B0F773200DEADD7 /* DrawRectMethod.m in Sources */,
				FD38C9FF1B0F8AFB00DEADD7 /* UIButton+RoundCorner.m in Sources */,
				FD38C9D21B0F6BED00DEADD7 /* HomePageViewController.m in Sources */,
				FD053B9B1B0B79DD00AF1EE1 /* NSUserDefaults+RMSaveCustomObject.m in Sources */,
				FD053B7D1B0B6B3700AF1EE1 /* ZHBRefreshScrollView.m in Sources */,
				FD0B018F1B11D7E500C848F7 /* HomePageViewSpotEntity.m in Sources */,
				FD0B019D1B120F4100C848F7 /* HomePageDetailViewController+Request.m in Sources */,
				FD38C9F41B0F7D5B00DEADD7 /* HomePageDetailSummarySectionView.m in Sources */,
				FD38CA081B0F8BF000DEADD7 /* UILabel+AttributedString.m in Sources */,
				FD053B991B0B79DD00AF1EE1 /* NSObject+RMArchivable.m in Sources */,
				FD38C9D71B0F6D0300DEADD7 /* BaseUITableViewCell.m in Sources */,
				FD053B7E1B0B6B3700AF1EE1 /* ZHBWaterFallView.m in Sources */,
				FD3F80DD1B00E765001F272D /* main.m in Sources */,
				FD38C9D11B0F6BED00DEADD7 /* HomePageWaterFallCell.m in Sources */,
				FD053B7F1B0B6B3700AF1EE1 /* ZHBWaterFallViewCell.m in Sources */,
				FD0B01981B11F9FA00C848F7 /* HomePageViewSpotFeedbackEntity.m in Sources */,
				FD0B01951B11E84F00C848F7 /* RequestBaseViewController.m in Sources */,
			);
			runOnlyForDeploymentPostprocessing = 0;
		};
		FD3F80EC1B00E765001F272D /* Sources */ = {
			isa = PBXSourcesBuildPhase;
			buildActionMask = 2147483647;
			files = (
				FD3F80F71B00E765001F272D /* ReviveSHTests.m in Sources */,
			);
			runOnlyForDeploymentPostprocessing = 0;
		};
/* End PBXSourcesBuildPhase section */

/* Begin PBXTargetDependency section */
		FD3F80F21B00E765001F272D /* PBXTargetDependency */ = {
			isa = PBXTargetDependency;
			target = FD3F80D61B00E765001F272D /* ReviveSH */;
			targetProxy = FD3F80F11B00E765001F272D /* PBXContainerItemProxy */;
		};
/* End PBXTargetDependency section */

/* Begin PBXVariantGroup section */
		FD3F80E41B00E765001F272D /* Main.storyboard */ = {
			isa = PBXVariantGroup;
			children = (
				FD3F80E51B00E765001F272D /* Base */,
			);
			name = Main.storyboard;
			sourceTree = "<group>";
		};
		FD3F80E91B00E765001F272D /* LaunchScreen.xib */ = {
			isa = PBXVariantGroup;
			children = (
				FD3F80EA1B00E765001F272D /* Base */,
			);
			name = LaunchScreen.xib;
			sourceTree = "<group>";
		};
/* End PBXVariantGroup section */

/* Begin XCBuildConfiguration section */
		FD3F80F81B00E765001F272D /* Debug */ = {
			isa = XCBuildConfiguration;
			buildSettings = {
				ALWAYS_SEARCH_USER_PATHS = NO;
				CLANG_CXX_LANGUAGE_STANDARD = "gnu++0x";
				CLANG_CXX_LIBRARY = "libc++";
				CLANG_ENABLE_MODULES = YES;
				CLANG_ENABLE_OBJC_ARC = YES;
				CLANG_WARN_BOOL_CONVERSION = YES;
				CLANG_WARN_CONSTANT_CONVERSION = YES;
				CLANG_WARN_DIRECT_OBJC_ISA_USAGE = YES_ERROR;
				CLANG_WARN_EMPTY_BODY = YES;
				CLANG_WARN_ENUM_CONVERSION = YES;
				CLANG_WARN_INT_CONVERSION = YES;
				CLANG_WARN_OBJC_ROOT_CLASS = YES_ERROR;
				CLANG_WARN_UNREACHABLE_CODE = YES;
				CLANG_WARN__DUPLICATE_METHOD_MATCH = YES;
				"CODE_SIGN_IDENTITY[sdk=iphoneos*]" = "iPhone Developer";
				COPY_PHASE_STRIP = NO;
				ENABLE_STRICT_OBJC_MSGSEND = YES;
				GCC_C_LANGUAGE_STANDARD = gnu99;
				GCC_DYNAMIC_NO_PIC = NO;
				GCC_OPTIMIZATION_LEVEL = 0;
				GCC_PREPROCESSOR_DEFINITIONS = (
					"DEBUG=1",
					"$(inherited)",
				);
				GCC_SYMBOLS_PRIVATE_EXTERN = NO;
				GCC_WARN_64_TO_32_BIT_CONVERSION = YES;
				GCC_WARN_ABOUT_RETURN_TYPE = YES_ERROR;
				GCC_WARN_UNDECLARED_SELECTOR = YES;
				GCC_WARN_UNINITIALIZED_AUTOS = YES_AGGRESSIVE;
				GCC_WARN_UNUSED_FUNCTION = YES;
				GCC_WARN_UNUSED_VARIABLE = YES;
				IPHONEOS_DEPLOYMENT_TARGET = 8.1;
				MTL_ENABLE_DEBUG_INFO = YES;
				ONLY_ACTIVE_ARCH = YES;
				SDKROOT = iphoneos;
			};
			name = Debug;
		};
		FD3F80F91B00E765001F272D /* Release */ = {
			isa = XCBuildConfiguration;
			buildSettings = {
				ALWAYS_SEARCH_USER_PATHS = NO;
				CLANG_CXX_LANGUAGE_STANDARD = "gnu++0x";
				CLANG_CXX_LIBRARY = "libc++";
				CLANG_ENABLE_MODULES = YES;
				CLANG_ENABLE_OBJC_ARC = YES;
				CLANG_WARN_BOOL_CONVERSION = YES;
				CLANG_WARN_CONSTANT_CONVERSION = YES;
				CLANG_WARN_DIRECT_OBJC_ISA_USAGE = YES_ERROR;
				CLANG_WARN_EMPTY_BODY = YES;
				CLANG_WARN_ENUM_CONVERSION = YES;
				CLANG_WARN_INT_CONVERSION = YES;
				CLANG_WARN_OBJC_ROOT_CLASS = YES_ERROR;
				CLANG_WARN_UNREACHABLE_CODE = YES;
				CLANG_WARN__DUPLICATE_METHOD_MATCH = YES;
				"CODE_SIGN_IDENTITY[sdk=iphoneos*]" = "iPhone Developer";
				COPY_PHASE_STRIP = YES;
				ENABLE_NS_ASSERTIONS = NO;
				ENABLE_STRICT_OBJC_MSGSEND = YES;
				GCC_C_LANGUAGE_STANDARD = gnu99;
				GCC_WARN_64_TO_32_BIT_CONVERSION = YES;
				GCC_WARN_ABOUT_RETURN_TYPE = YES_ERROR;
				GCC_WARN_UNDECLARED_SELECTOR = YES;
				GCC_WARN_UNINITIALIZED_AUTOS = YES_AGGRESSIVE;
				GCC_WARN_UNUSED_FUNCTION = YES;
				GCC_WARN_UNUSED_VARIABLE = YES;
				IPHONEOS_DEPLOYMENT_TARGET = 8.1;
				MTL_ENABLE_DEBUG_INFO = NO;
				SDKROOT = iphoneos;
				VALIDATE_PRODUCT = YES;
			};
			name = Release;
		};
		FD3F80FB1B00E765001F272D /* Debug */ = {
			isa = XCBuildConfiguration;
			baseConfigurationReference = 002DC963D5322AACD3496AA8 /* Pods.debug.xcconfig */;
			buildSettings = {
				ASSETCATALOG_COMPILER_APPICON_NAME = AppIcon;
				ASSETCATALOG_COMPILER_LAUNCHIMAGE_NAME = LaunchImage;
				CODE_SIGN_IDENTITY = "iPhone Developer";
				GCC_PREFIX_HEADER = "ReviveSH/ReviveSH-Prefix.pch";
				INFOPLIST_FILE = ReviveSH/Info.plist;
				IPHONEOS_DEPLOYMENT_TARGET = 7.0;
				LD_RUNPATH_SEARCH_PATHS = "$(inherited) @executable_path/Frameworks";
				PRODUCT_NAME = "$(TARGET_NAME)";
			};
			name = Debug;
		};
		FD3F80FC1B00E765001F272D /* Release */ = {
			isa = XCBuildConfiguration;
			baseConfigurationReference = 9EAAFB294437F66040ADA304 /* Pods.release.xcconfig */;
			buildSettings = {
				ASSETCATALOG_COMPILER_APPICON_NAME = AppIcon;
				ASSETCATALOG_COMPILER_LAUNCHIMAGE_NAME = LaunchImage;
				CODE_SIGN_IDENTITY = "iPhone Developer";
				GCC_PREFIX_HEADER = "ReviveSH/ReviveSH-Prefix.pch";
				INFOPLIST_FILE = ReviveSH/Info.plist;
				IPHONEOS_DEPLOYMENT_TARGET = 7.0;
				LD_RUNPATH_SEARCH_PATHS = "$(inherited) @executable_path/Frameworks";
				PRODUCT_NAME = "$(TARGET_NAME)";
			};
			name = Release;
		};
		FD3F80FE1B00E765001F272D /* Debug */ = {
			isa = XCBuildConfiguration;
			buildSettings = {
				BUNDLE_LOADER = "$(TEST_HOST)";
				FRAMEWORK_SEARCH_PATHS = (
					"$(SDKROOT)/Developer/Library/Frameworks",
					"$(inherited)",
				);
				GCC_PREPROCESSOR_DEFINITIONS = (
					"DEBUG=1",
					"$(inherited)",
				);
				INFOPLIST_FILE = ReviveSHTests/Info.plist;
				LD_RUNPATH_SEARCH_PATHS = "$(inherited) @executable_path/Frameworks @loader_path/Frameworks";
				PRODUCT_NAME = "$(TARGET_NAME)";
				TEST_HOST = "$(BUILT_PRODUCTS_DIR)/ReviveSH.app/ReviveSH";
			};
			name = Debug;
		};
		FD3F80FF1B00E765001F272D /* Release */ = {
			isa = XCBuildConfiguration;
			buildSettings = {
				BUNDLE_LOADER = "$(TEST_HOST)";
				FRAMEWORK_SEARCH_PATHS = (
					"$(SDKROOT)/Developer/Library/Frameworks",
					"$(inherited)",
				);
				INFOPLIST_FILE = ReviveSHTests/Info.plist;
				LD_RUNPATH_SEARCH_PATHS = "$(inherited) @executable_path/Frameworks @loader_path/Frameworks";
				PRODUCT_NAME = "$(TARGET_NAME)";
				TEST_HOST = "$(BUILT_PRODUCTS_DIR)/ReviveSH.app/ReviveSH";
			};
			name = Release;
		};
/* End XCBuildConfiguration section */

/* Begin XCConfigurationList section */
		FD3F80D21B00E765001F272D /* Build configuration list for PBXProject "ReviveSH" */ = {
			isa = XCConfigurationList;
			buildConfigurations = (
				FD3F80F81B00E765001F272D /* Debug */,
				FD3F80F91B00E765001F272D /* Release */,
			);
			defaultConfigurationIsVisible = 0;
			defaultConfigurationName = Release;
		};
		FD3F80FA1B00E765001F272D /* Build configuration list for PBXNativeTarget "ReviveSH" */ = {
			isa = XCConfigurationList;
			buildConfigurations = (
				FD3F80FB1B00E765001F272D /* Debug */,
				FD3F80FC1B00E765001F272D /* Release */,
			);
			defaultConfigurationIsVisible = 0;
			defaultConfigurationName = Release;
		};
		FD3F80FD1B00E765001F272D /* Build configuration list for PBXNativeTarget "ReviveSHTests" */ = {
			isa = XCConfigurationList;
			buildConfigurations = (
				FD3F80FE1B00E765001F272D /* Debug */,
				FD3F80FF1B00E765001F272D /* Release */,
			);
			defaultConfigurationIsVisible = 0;
			defaultConfigurationName = Release;
		};
/* End XCConfigurationList section */
	};
	rootObject = FD3F80CF1B00E765001F272D /* Project object */;
}
